{
  "name": "places-autocomplete",
  "version": "0.1.0",
  "lockfileVersion": 2,
  "requires": true,
  "packages": {
    "": {
      "name": "places-autocomplete",
      "version": "0.1.0",
      "license": "MIT",
      "dependencies": {
        "autocompleter": "^6.1.3"
      }
    },
    "node_modules/autocompleter": {
      "version": "6.1.3",
      "resolved": "https://registry.npmjs.org/autocompleter/-/autocompleter-6.1.3.tgz",
      "integrity": "sha512-Pjb5R5r+S0/zDFudLP9a8CW7/xMc7O/uVCtaTf3f+RdNLAQQ5oUG018c3IRdDJMRVvT+OeZ1NYQoUH5GHlORKQ=="
    }
  },
  "dependencies": {
    "autocompleter": {
      "version": "6.1.3",
      "resolved": "https://registry.npmjs.org/autocompleter/-/autocompleter-6.1.3.tgz",
      "integrity": "sha512-Pjb5R5r+S0/zDFudLP9a8CW7/xMc7O/uVCtaTf3f+RdNLAQQ5oUG018c3IRdDJMRVvT+OeZ1NYQoUH5GHlORKQ=="
    }
  }
}
